
Microsoft Visual Studio Solution File, Format Version 12.00
# Visual Studio Version 17
VisualStudioVersion = 17.1.32414.318
MinimumVisualStudioVersion = 10.0.40219.1
Project("{9A19103F-16F7-4668-BE54-9A1E7A4F7556}") = "Blazor.GoogleTagManager", "Blazor.GoogleTagManager\Blazor.GoogleTagManager.csproj", "{2E101DDC-F244-47C5-87C1-9118C192B15E}"
EndProject
Project("{9A19103F-16F7-4668-BE54-9A1E7A4F7556}") = "_build", "..\build\_build.csproj", "{86736DFB-39F6-43E9-86A8-CA7DAC602AAC}"
EndProject
Global
	GlobalSection(SolutionConfigurationPlatforms) = preSolution
		Debug|Any CPU = Debug|Any CPU
		Release|Any CPU = Release|Any CPU
	EndGlobalSection
	GlobalSection(ProjectConfigurationPlatforms) = postSolution
		{86736DFB-39F6-43E9-86A8-CA7DAC602AAC}.Debug|Any CPU.ActiveCfg = Debug|Any CPU
		{86736DFB-39F6-43E9-86A8-CA7DAC602AAC}.Release|Any CPU.ActiveCfg = Release|Any CPU
		{2E101DDC-F244-47C5-87C1-9118C192B15E}.Debug|Any CPU.ActiveCfg = Debug|Any CPU
		{2E101DDC-F244-47C5-87C1-9118C192B15E}.Debug|Any CPU.Build.0 = Debug|Any CPU
		{2E101DDC-F244-47C5-87C1-9118C192B15E}.Release|Any CPU.ActiveCfg = Release|Any CPU
		{2E101DDC-F244-47C5-87C1-9118C192B15E}.Release|Any CPU.Build.0 = Release|Any CPU
	EndGlobalSection
	GlobalSection(SolutionProperties) = preSolution
		HideSolutionNode = FALSE
	EndGlobalSection
	GlobalSection(ExtensibilityGlobals) = postSolution
		SolutionGuid = {384E6D0D-3C9D-4819-A6DD-C6B196A02B70}
	EndGlobalSection
EndGlobal
